
Microsoft Visual Studio Solution File, Format Version 12.00
# Visual Studio 15
VisualStudioVersion = 15.0.28010.2046
MinimumVisualStudioVersion = 10.0.40219.1
Project("{2150E333-8FDC-42A3-9474-1A3956D46DE8}") = "src", "src", "{0DDE5E7E-C38D-4D1E-BDF1-7EA1CFEBE444}"
EndProject
Project("{FAE04EC0-301F-11D3-BF4B-00C04F79EFBC}") = "Quick_Application1", "Quick Application1\Quick_Application1\Quick_Application1.csproj", "{18BBA598-E26A-4ED4-9BBA-3C53B0F43553}"
EndProject
Project("{FAE04EC0-301F-11D3-BF4B-00C04F79EFBC}") = "DAL", "Quick Application1\DAL\DAL.csproj", "{82F2ED2D-97AE-4730-95FD-91BE510737A9}"
EndProject
Global
	GlobalSection(SolutionConfigurationPlatforms) = preSolution
		Debug|Any CPU = Debug|Any CPU
		Release|Any CPU = Release|Any CPU
	EndGlobalSection
	GlobalSection(ProjectConfigurationPlatforms) = postSolution
		{18BBA598-E26A-4ED4-9BBA-3C53B0F43553}.Debug|Any CPU.ActiveCfg = Debug|Any CPU
		{18BBA598-E26A-4ED4-9BBA-3C53B0F43553}.Debug|Any CPU.Build.0 = Debug|Any CPU
		{18BBA598-E26A-4ED4-9BBA-3C53B0F43553}.Release|Any CPU.ActiveCfg = Release|Any CPU
		{18BBA598-E26A-4ED4-9BBA-3C53B0F43553}.Release|Any CPU.Build.0 = Release|Any CPU
		{82F2ED2D-97AE-4730-95FD-91BE510737A9}.Debug|Any CPU.ActiveCfg = Debug|Any CPU
		{82F2ED2D-97AE-4730-95FD-91BE510737A9}.Debug|Any CPU.Build.0 = Debug|Any CPU
		{82F2ED2D-97AE-4730-95FD-91BE510737A9}.Release|Any CPU.ActiveCfg = Release|Any CPU
		{82F2ED2D-97AE-4730-95FD-91BE510737A9}.Release|Any CPU.Build.0 = Release|Any CPU
	EndGlobalSection
	GlobalSection(SolutionProperties) = preSolution
		HideSolutionNode = FALSE
	EndGlobalSection
	GlobalSection(NestedProjects) = preSolution
		{18BBA598-E26A-4ED4-9BBA-3C53B0F43553} = {0DDE5E7E-C38D-4D1E-BDF1-7EA1CFEBE444}
		{82F2ED2D-97AE-4730-95FD-91BE510737A9} = {0DDE5E7E-C38D-4D1E-BDF1-7EA1CFEBE444}
	EndGlobalSection
	GlobalSection(ExtensibilityGlobals) = postSolution
		SolutionGuid = {57A16C7E-9CAA-4B9B-B75C-988B64DAA404}
	EndGlobalSection
EndGlobal
